
Microsoft Visual Studio Solution File, Format Version 12.00
# Visual Studio Version 16
VisualStudioVersion = 16.0.29613.14
MinimumVisualStudioVersion = 10.0.40219.1
Project("{FAE04EC0-301F-11D3-BF4B-00C04F79EFBC}") = "Test1", "Test1\Test1.csproj", "{4BAE6AC8-0787-471F-B8DD-3C30793E9211}"
EndProject
Global
	GlobalSection(SolutionConfigurationPlatforms) = preSolution
		Debug|Any CPU = Debug|Any CPU
		Release|Any CPU = Release|Any CPU
	EndGlobalSection
	GlobalSection(ProjectConfigurationPlatforms) = postSolution
		{4BAE6AC8-0787-471F-B8DD-3C30793E9211}.Debug|Any CPU.ActiveCfg = Debug|Any CPU
		{4BAE6AC8-0787-471F-B8DD-3C30793E9211}.Debug|Any CPU.Build.0 = Debug|Any CPU
		{4BAE6AC8-0787-471F-B8DD-3C30793E9211}.Release|Any CPU.ActiveCfg = Release|Any CPU
		{4BAE6AC8-0787-471F-B8DD-3C30793E9211}.Release|Any CPU.Build.0 = Release|Any CPU
	EndGlobalSection
	GlobalSection(SolutionProperties) = preSolution
		HideSolutionNode = FALSE
	EndGlobalSection
	GlobalSection(ExtensibilityGlobals) = postSolution
		SolutionGuid = {594E26D6-1EE4-46CE-97EA-273D4FD25885}
	EndGlobalSection
EndGlobal
